
Microsoft Visual Studio Solution File, Format Version 12.00
# Visual Studio 15
VisualStudioVersion = 15.0.27428.2015
MinimumVisualStudioVersion = 10.0.40219.1
Project("{FAE04EC0-301F-11D3-BF4B-00C04F79EFBC}") = "DuathlonManager2", "src\DuathlonManager2.csproj", "{37C81A70-00DA-49BD-BFA5-7A4F79ED4F1A}"
EndProject
Global
	GlobalSection(SolutionConfigurationPlatforms) = preSolution
		Debug|Any CPU = Debug|Any CPU
		Release|Any CPU = Release|Any CPU
	EndGlobalSection
	GlobalSection(ProjectConfigurationPlatforms) = postSolution
		{37C81A70-00DA-49BD-BFA5-7A4F79ED4F1A}.Debug|Any CPU.ActiveCfg = Debug|Any CPU
		{37C81A70-00DA-49BD-BFA5-7A4F79ED4F1A}.Debug|Any CPU.Build.0 = Debug|Any CPU
		{37C81A70-00DA-49BD-BFA5-7A4F79ED4F1A}.Release|Any CPU.ActiveCfg = Release|Any CPU
		{37C81A70-00DA-49BD-BFA5-7A4F79ED4F1A}.Release|Any CPU.Build.0 = Release|Any CPU
	EndGlobalSection
	GlobalSection(SolutionProperties) = preSolution
		HideSolutionNode = FALSE
	EndGlobalSection
	GlobalSection(ExtensibilityGlobals) = postSolution
		SolutionGuid = {DB0E53CA-5974-4819-88C7-B7C1FBAB218F}
	EndGlobalSection
EndGlobal
